
Microsoft Visual Studio Solution File, Format Version 12.00
# Visual Studio Version 17
VisualStudioVersion = 17.5.33627.172
MinimumVisualStudioVersion = 10.0.40219.1
Project("{FAE04EC0-301F-11D3-BF4B-00C04F79EFBC}") = "ASM 1651", "ASM 1651\ASM 1651.csproj", "{781415F1-6507-4633-BFCE-8D50BA53671C}"
EndProject
Global
	GlobalSection(SolutionConfigurationPlatforms) = preSolution
		Debug|Any CPU = Debug|Any CPU
		Release|Any CPU = Release|Any CPU
	EndGlobalSection
	GlobalSection(ProjectConfigurationPlatforms) = postSolution
		{781415F1-6507-4633-BFCE-8D50BA53671C}.Debug|Any CPU.ActiveCfg = Debug|Any CPU
		{781415F1-6507-4633-BFCE-8D50BA53671C}.Debug|Any CPU.Build.0 = Debug|Any CPU
		{781415F1-6507-4633-BFCE-8D50BA53671C}.Release|Any CPU.ActiveCfg = Release|Any CPU
		{781415F1-6507-4633-BFCE-8D50BA53671C}.Release|Any CPU.Build.0 = Release|Any CPU
	EndGlobalSection
	GlobalSection(SolutionProperties) = preSolution
		HideSolutionNode = FALSE
	EndGlobalSection
	GlobalSection(ExtensibilityGlobals) = postSolution
		SolutionGuid = {B393A939-0A2B-483E-8543-F74B94690025}
	EndGlobalSection
EndGlobal
