
Microsoft Visual Studio Solution File, Format Version 12.00
# Visual Studio Version 17
VisualStudioVersion = 17.5.33627.172
MinimumVisualStudioVersion = 10.0.40219.1
Project("{FAE04EC0-301F-11D3-BF4B-00C04F79EFBC}") = "Lab", "Lab\Lab.csproj", "{FB568CC1-66A5-40B1-B599-E7E8C370AD58}"
EndProject
Project("{2150E333-8FDC-42A3-9474-1A3956D46DE8}") = "Solution Items", "Solution Items", "{C23D1D3C-3902-4F15-AD52-4C95CC99788C}"
EndProject
Global
	GlobalSection(SolutionConfigurationPlatforms) = preSolution
		Debug|Any CPU = Debug|Any CPU
		Release|Any CPU = Release|Any CPU
	EndGlobalSection
	GlobalSection(ProjectConfigurationPlatforms) = postSolution
		{FB568CC1-66A5-40B1-B599-E7E8C370AD58}.Debug|Any CPU.ActiveCfg = Debug|Any CPU
		{FB568CC1-66A5-40B1-B599-E7E8C370AD58}.Debug|Any CPU.Build.0 = Debug|Any CPU
		{FB568CC1-66A5-40B1-B599-E7E8C370AD58}.Release|Any CPU.ActiveCfg = Release|Any CPU
		{FB568CC1-66A5-40B1-B599-E7E8C370AD58}.Release|Any CPU.Build.0 = Release|Any CPU
	EndGlobalSection
	GlobalSection(SolutionProperties) = preSolution
		HideSolutionNode = FALSE
	EndGlobalSection
	GlobalSection(ExtensibilityGlobals) = postSolution
		SolutionGuid = {79C4B771-8765-45DB-9187-208B03B01CF4}
	EndGlobalSection
EndGlobal
